PODS:
  - PartialScrollView (0.2.0)

DEPENDENCIES:
  - PartialScrollView (from `../`)

EXTERNAL SOURCES:
  PartialScrollView:
    :path: "../"

SPEC CHECKSUMS:
  PartialScrollView: 2678b2f1b07c86e1ad9967be70f9def0503a101e

PODFILE CHECKSUM: 6212743910b411ceedff45fa844340c2a868ef8d

COCOAPODS: 1.0.1
