PODS:
  - PartialScrollView (0.1.0)

DEPENDENCIES:
  - PartialScrollView (from `../`)

EXTERNAL SOURCES:
  PartialScrollView:
    :path: "../"

SPEC CHECKSUMS:
  PartialScrollView: 4f93fa4b187b3f58dfacce1a7b6f345521a7fb42

PODFILE CHECKSUM: 6212743910b411ceedff45fa844340c2a868ef8d

COCOAPODS: 1.0.1
